
Microsoft Visual Studio Solution File, Format Version 12.00
# Visual Studio Version 17
VisualStudioVersion = 17.3.32929.385
MinimumVisualStudioVersion = 10.0.40219.1
Project("{FAE04EC0-301F-11D3-BF4B-00C04F79EFBC}") = "De_Kameleons.View", "..\De_Kameleons.View\De_Kameleons.View.csproj", "{417C6F7C-0D67-4280-B372-DB9570A0E4F4}"
EndProject
Project("{FAE04EC0-301F-11D3-BF4B-00C04F79EFBC}") = "De_Kameleions.Core", "..\De_Kameleions.Core\De_Kameleions.Core.csproj", "{749129E0-68FB-4A06-AA71-462EF86DCC94}"
EndProject
Global
	GlobalSection(SolutionConfigurationPlatforms) = preSolution
		Debug|Any CPU = Debug|Any CPU
		Release|Any CPU = Release|Any CPU
	EndGlobalSection
	GlobalSection(ProjectConfigurationPlatforms) = postSolution
		{417C6F7C-0D67-4280-B372-DB9570A0E4F4}.Debug|Any CPU.ActiveCfg = Debug|Any CPU
		{417C6F7C-0D67-4280-B372-DB9570A0E4F4}.Debug|Any CPU.Build.0 = Debug|Any CPU
		{417C6F7C-0D67-4280-B372-DB9570A0E4F4}.Release|Any CPU.ActiveCfg = Release|Any CPU
		{417C6F7C-0D67-4280-B372-DB9570A0E4F4}.Release|Any CPU.Build.0 = Release|Any CPU
		{749129E0-68FB-4A06-AA71-462EF86DCC94}.Debug|Any CPU.ActiveCfg = Debug|Any CPU
		{749129E0-68FB-4A06-AA71-462EF86DCC94}.Debug|Any CPU.Build.0 = Debug|Any CPU
		{749129E0-68FB-4A06-AA71-462EF86DCC94}.Release|Any CPU.ActiveCfg = Release|Any CPU
		{749129E0-68FB-4A06-AA71-462EF86DCC94}.Release|Any CPU.Build.0 = Release|Any CPU
	EndGlobalSection
	GlobalSection(SolutionProperties) = preSolution
		HideSolutionNode = FALSE
	EndGlobalSection
	GlobalSection(ExtensibilityGlobals) = postSolution
		SolutionGuid = {DD0DFAB4-F33A-4068-B8BC-C0839C618CF8}
	EndGlobalSection
EndGlobal
