
Microsoft Visual Studio Solution File, Format Version 12.00
# Visual Studio Version 17
VisualStudioVersion = 17.3.32901.215
MinimumVisualStudioVersion = 10.0.40219.1
Project("{9A19103F-16F7-4668-BE54-9A1E7A4F7556}") = "BoatBookingView", "BoatBookingView.csproj", "{884525D6-F472-41D0-A468-21BA3E757769}"
EndProject
Project("{9A19103F-16F7-4668-BE54-9A1E7A4F7556}") = "BoatbookingDAL", "..\Boatbooking.DAL\BoatbookingDAL.csproj", "{EA6756D3-1605-45DD-94B8-888DE7BA8F87}"
EndProject
Project("{9A19103F-16F7-4668-BE54-9A1E7A4F7556}") = "BoatBookingCore", "..\BoatBooking.Core\BoatBookingCore.csproj", "{8913AD02-FFC2-44C6-93D4-8E83C51D7B50}"
EndProject
Project("{FAE04EC0-301F-11D3-BF4B-00C04F79EFBC}") = "BoatBookingTest", "..\BoatBookingTest\BoatBookingTest.csproj", "{7EE1B48C-105B-4C51-ACF2-820CDE8893FA}"
EndProject
Project("{FAE04EC0-301F-11D3-BF4B-00C04F79EFBC}") = "BoatBookingMock", "..\BoatBookingMock\BoatBookingMock.csproj", "{CB80C85F-1E4B-49AF-91D4-836607D455B1}"
EndProject
Global
	GlobalSection(SolutionConfigurationPlatforms) = preSolution
		Debug|Any CPU = Debug|Any CPU
		Release|Any CPU = Release|Any CPU
	EndGlobalSection
	GlobalSection(ProjectConfigurationPlatforms) = postSolution
		{884525D6-F472-41D0-A468-21BA3E757769}.Debug|Any CPU.ActiveCfg = Debug|Any CPU
		{884525D6-F472-41D0-A468-21BA3E757769}.Debug|Any CPU.Build.0 = Debug|Any CPU
		{884525D6-F472-41D0-A468-21BA3E757769}.Release|Any CPU.ActiveCfg = Release|Any CPU
		{884525D6-F472-41D0-A468-21BA3E757769}.Release|Any CPU.Build.0 = Release|Any CPU
		{EA6756D3-1605-45DD-94B8-888DE7BA8F87}.Debug|Any CPU.ActiveCfg = Debug|Any CPU
		{EA6756D3-1605-45DD-94B8-888DE7BA8F87}.Debug|Any CPU.Build.0 = Debug|Any CPU
		{EA6756D3-1605-45DD-94B8-888DE7BA8F87}.Release|Any CPU.ActiveCfg = Release|Any CPU
		{EA6756D3-1605-45DD-94B8-888DE7BA8F87}.Release|Any CPU.Build.0 = Release|Any CPU
		{8913AD02-FFC2-44C6-93D4-8E83C51D7B50}.Debug|Any CPU.ActiveCfg = Debug|Any CPU
		{8913AD02-FFC2-44C6-93D4-8E83C51D7B50}.Debug|Any CPU.Build.0 = Debug|Any CPU
		{8913AD02-FFC2-44C6-93D4-8E83C51D7B50}.Release|Any CPU.ActiveCfg = Release|Any CPU
		{8913AD02-FFC2-44C6-93D4-8E83C51D7B50}.Release|Any CPU.Build.0 = Release|Any CPU
		{7EE1B48C-105B-4C51-ACF2-820CDE8893FA}.Debug|Any CPU.ActiveCfg = Debug|Any CPU
		{7EE1B48C-105B-4C51-ACF2-820CDE8893FA}.Debug|Any CPU.Build.0 = Debug|Any CPU
		{7EE1B48C-105B-4C51-ACF2-820CDE8893FA}.Release|Any CPU.ActiveCfg = Release|Any CPU
		{7EE1B48C-105B-4C51-ACF2-820CDE8893FA}.Release|Any CPU.Build.0 = Release|Any CPU
		{CB80C85F-1E4B-49AF-91D4-836607D455B1}.Debug|Any CPU.ActiveCfg = Debug|Any CPU
		{CB80C85F-1E4B-49AF-91D4-836607D455B1}.Debug|Any CPU.Build.0 = Debug|Any CPU
		{CB80C85F-1E4B-49AF-91D4-836607D455B1}.Release|Any CPU.ActiveCfg = Release|Any CPU
		{CB80C85F-1E4B-49AF-91D4-836607D455B1}.Release|Any CPU.Build.0 = Release|Any CPU
	EndGlobalSection
	GlobalSection(SolutionProperties) = preSolution
		HideSolutionNode = FALSE
	EndGlobalSection
	GlobalSection(ExtensibilityGlobals) = postSolution
		SolutionGuid = {D8B3DE48-5998-404B-8B53-E1827CB26A1C}
	EndGlobalSection
EndGlobal
